
Microsoft Visual Studio Solution File, Format Version 12.00
# Visual Studio Version 17
VisualStudioVersion = 17.12.35707.178
MinimumVisualStudioVersion = 10.0.40219.1
Project("{2150E333-8FDC-42A3-9474-1A3956D46DE8}") = "Lesson_02", "Lesson_02", "{B88B15A5-CA3B-4A63-B996-7DA0A85A3E83}"
EndProject
Project("{FAE04EC0-301F-11D3-BF4B-00C04F79EFBC}") = "Task_02_02", "Task_02_02\Task_02_02.csproj", "{5DB7235D-E482-45A3-A3C0-46D7FB9E10A5}"
EndProject
Project("{FAE04EC0-301F-11D3-BF4B-00C04F79EFBC}") = "Task_02_04", "Task_02_04\Task_02_04.csproj", "{643AB3A7-79FC-47F8-9F41-749A2799E347}"
EndProject
Project("{2150E333-8FDC-42A3-9474-1A3956D46DE8}") = "Lesson_03", "Lesson_03", "{9CD9840C-5DEC-4F71-8F5D-956960FAE489}"
EndProject
Project("{FAE04EC0-301F-11D3-BF4B-00C04F79EFBC}") = "Task_03_04", "Task_03_04\Task_03_04.csproj", "{F7CA683B-17B4-41AF-9AEB-156C3596E294}"
EndProject
Project("{FAE04EC0-301F-11D3-BF4B-00C04F79EFBC}") = "Task_03_05", "Task_03_05\Task_03_05.csproj", "{A22A9F7C-DB74-49BF-9805-7691EA032273}"
EndProject
Project("{FAE04EC0-301F-11D3-BF4B-00C04F79EFBC}") = "Task_03_06", "Task_03_06\Task_03_06.csproj", "{609329DF-DF54-4716-A315-C0B03DDF4C33}"
EndProject
Project("{FAE04EC0-301F-11D3-BF4B-00C04F79EFBC}") = "Task_03_07", "Task_03_07\Task_03_07.csproj", "{BFB0C209-A1F1-4A09-A2B9-F12257810F7C}"
EndProject
Project("{FAE04EC0-301F-11D3-BF4B-00C04F79EFBC}") = "Task_03_08", "Task_03_08\Task_03_08.csproj", "{AD084096-7DAD-4A94-93EF-FBC08EDE432A}"
EndProject
Project("{FAE04EC0-301F-11D3-BF4B-00C04F79EFBC}") = "Task_03_09", "Task_03_09\Task_03_09.csproj", "{5BDBC3CA-0DB6-4B5D-AA25-AF8C24EC7132}"
EndProject
Project("{2150E333-8FDC-42A3-9474-1A3956D46DE8}") = "Lesson_04", "Lesson_04", "{68B942CB-D57A-41C0-8E1A-EB91669F0231}"
EndProject
Project("{FAE04EC0-301F-11D3-BF4B-00C04F79EFBC}") = "Task_04_05", "Task_04_05\Task_04_05.csproj", "{00E1C3A4-16C0-4B61-91F7-33E9E8758455}"
EndProject
Project("{FAE04EC0-301F-11D3-BF4B-00C04F79EFBC}") = "Task_04_06", "Task_04_06\Task_04_06.csproj", "{82BA4F21-73B7-49BF-8E92-B90DCC875868}"
EndProject
Project("{FAE04EC0-301F-11D3-BF4B-00C04F79EFBC}") = "Task_04_07", "Task_04_07\Task_04_07.csproj", "{935ADD77-4ADF-4C9B-9872-653F0B85F171}"
EndProject
Project("{FAE04EC0-301F-11D3-BF4B-00C04F79EFBC}") = "Task_04_08", "Task_04_08\Task_04_08.csproj", "{26D58AD8-0E81-4BCA-AEF7-BB6A2088178C}"
EndProject
Project("{FAE04EC0-301F-11D3-BF4B-00C04F79EFBC}") = "Task_04_09", "Task_04_09\Task_04_09.csproj", "{0D953710-5DE8-43E9-872C-DB533C2A6D13}"
EndProject
Project("{FAE04EC0-301F-11D3-BF4B-00C04F79EFBC}") = "Task_04_10", "Task_04_10\Task_04_10.csproj", "{9603A1C1-52D2-4776-8F45-37704A36DB3F}"
EndProject
Project("{2150E333-8FDC-42A3-9474-1A3956D46DE8}") = "Lesson_05", "Lesson_05", "{B817CB35-29B1-4B80-9D29-33E8EF4CC365}"
EndProject
Project("{FAE04EC0-301F-11D3-BF4B-00C04F79EFBC}") = "Task_05_03", "Task_05_03\Task_05_03.csproj", "{CBB53B7F-7CE6-46E1-831E-78F8AC5F670E}"
EndProject
Project("{FAE04EC0-301F-11D3-BF4B-00C04F79EFBC}") = "Task_05_04", "Task_05_04\Task_05_04.csproj", "{D349B322-E1E5-4A84-8F88-63FD541605E4}"
EndProject
Project("{FAE04EC0-301F-11D3-BF4B-00C04F79EFBC}") = "Task_05_05", "Task_05_05\Task_05_05.csproj", "{1288EA82-985D-408F-90D0-F87CA12F3F05}"
EndProject
Project("{FAE04EC0-301F-11D3-BF4B-00C04F79EFBC}") = "Task_05_06", "Task_05_06\Task_05_06.csproj", "{82CEDB65-034C-440E-859D-BB6616310783}"
EndProject
Project("{FAE04EC0-301F-11D3-BF4B-00C04F79EFBC}") = "Task_05_07", "Task_05_07\Task_05_07.csproj", "{50C46952-EAA0-4A3B-8529-7A3CE5810FED}"
EndProject
Project("{FAE04EC0-301F-11D3-BF4B-00C04F79EFBC}") = "Task_05_08", "Task_05_08\Task_05_08.csproj", "{E5116D66-FFC9-4576-912B-6E2A4EA55388}"
EndProject
Project("{FAE04EC0-301F-11D3-BF4B-00C04F79EFBC}") = "Task_05_09", "Task_05_09\Task_05_09.csproj", "{E68CC04A-0AEC-4346-A2FF-6D26757F7FE7}"
EndProject
Project("{2150E333-8FDC-42A3-9474-1A3956D46DE8}") = "Lesson_10", "Lesson_10", "{27C06DF0-C221-4594-927C-62D20A196433}"
EndProject
Project("{FAE04EC0-301F-11D3-BF4B-00C04F79EFBC}") = "Task_10_06", "Task_10_06\Task_10_06.csproj", "{4967933E-7DA3-4A3C-9B54-35B7CA6DE4CF}"
EndProject
Project("{FAE04EC0-301F-11D3-BF4B-00C04F79EFBC}") = "Task_10_07", "Task_10_07\Task_10_07.csproj", "{2832F042-0C64-454E-B2CF-89B294B8EF80}"
EndProject
Project("{FAE04EC0-301F-11D3-BF4B-00C04F79EFBC}") = "Task_10_08", "Task_10_08\Task_10_08.csproj", "{23B4BA3F-A0CE-4ACB-B821-C7E6F4FAAE4F}"
EndProject
Project("{2150E333-8FDC-42A3-9474-1A3956D46DE8}") = "Lesson_13", "Lesson_13", "{AFCBB5F6-B4A3-46E3-BC4E-D18F42F65F19}"
EndProject
Project("{FAE04EC0-301F-11D3-BF4B-00C04F79EFBC}") = "Task_13_02", "Task_13_02\Task_13_02.csproj", "{17C631EA-76E0-46D3-B1DD-0B83FF85D0EF}"
EndProject
Project("{FAE04EC0-301F-11D3-BF4B-00C04F79EFBC}") = "Task_13_03", "Task_13_03\Task_13_03.csproj", "{A34EA3D2-5A76-407A-9BAB-E9A95B9FC121}"
EndProject
Project("{2150E333-8FDC-42A3-9474-1A3956D46DE8}") = "Lesson_14", "Lesson_14", "{88D154E4-3BC2-449C-92CA-7EA87E8AB241}"
EndProject
Project("{FAE04EC0-301F-11D3-BF4B-00C04F79EFBC}") = "Task_14_03", "Task_14_03\Task_14_03.csproj", "{EE632D33-E0C4-40D2-AC6A-DC508985A8F0}"
EndProject
Project("{FAE04EC0-301F-11D3-BF4B-00C04F79EFBC}") = "Task_14_04", "Task_14_04\Task_14_04.csproj", "{B971FBA8-BE64-4A25-A0FA-38786CC35BD9}"
EndProject
Project("{2150E333-8FDC-42A3-9474-1A3956D46DE8}") = "Lesson_20", "Lesson_20", "{A0CB59E3-6E2E-4573-9F7C-58DD3454ED9C}"
EndProject
Project("{FAE04EC0-301F-11D3-BF4B-00C04F79EFBC}") = "Task_20_03", "Task_20_03\Task_20_03.csproj", "{0821E79A-9EFB-4736-B3A7-E7D064A20060}"
EndProject
Project("{FAE04EC0-301F-11D3-BF4B-00C04F79EFBC}") = "Task_20_04", "Task_20_04\Task_20_04.csproj", "{6140B9CD-D66E-445B-9432-42628650891A}"
EndProject
Project("{FAE04EC0-301F-11D3-BF4B-00C04F79EFBC}") = "Task_20_05", "Task_20_05\Task_20_05.csproj", "{3C7706A0-AD7B-42DD-A0B8-398567BE4F14}"
EndProject
Project("{FAE04EC0-301F-11D3-BF4B-00C04F79EFBC}") = "Task_20_06", "Task_20_06\Task_20_06.csproj", "{A5B0AFEA-7E25-46B0-BD23-BBA960724F19}"
EndProject
Project("{2150E333-8FDC-42A3-9474-1A3956D46DE8}") = "Lesson_21", "Lesson_21", "{3FFF7B26-4455-4739-B0FC-C8551AAAC14D}"
EndProject
Project("{FAE04EC0-301F-11D3-BF4B-00C04F79EFBC}") = "Task_21_01", "Task_21_01\Task_21_01.csproj", "{320474DA-093B-4649-9954-59FF6A6B410A}"
EndProject
Project("{FAE04EC0-301F-11D3-BF4B-00C04F79EFBC}") = "Task_21_02", "Task_21_02\Task_21_02.csproj", "{455E5BB9-E18B-4502-95CC-FFA012B68AB3}"
EndProject
Project("{2150E333-8FDC-42A3-9474-1A3956D46DE8}") = "Lesson_23", "Lesson_23", "{F5D0B11E-68AB-4CAD-85C7-C739F79825AC}"
EndProject
Project("{FAE04EC0-301F-11D3-BF4B-00C04F79EFBC}") = "Task_23_06", "Task_23_06\Task_23_06.csproj", "{6E1DF7BF-8666-486C-8DC9-353F7D3FE522}"
EndProject
Project("{2150E333-8FDC-42A3-9474-1A3956D46DE8}") = "Lesson_24", "Lesson_24", "{76B7BA40-9792-4B29-BBB4-4AD9A6B48FE5}"
EndProject
Project("{FAE04EC0-301F-11D3-BF4B-00C04F79EFBC}") = "Task_24_07", "Task_24_07\Task_24_07.csproj", "{41E590D5-F3A1-49C2-BEC6-72062955FF5B}"
EndProject
Project("{FAE04EC0-301F-11D3-BF4B-00C04F79EFBC}") = "Task_24_08", "Task_24_08\Task_24_08.csproj", "{4D799908-72EE-48D5-AD8B-DE9BC0408B82}"
EndProject
Project("{2150E333-8FDC-42A3-9474-1A3956D46DE8}") = "Lesson_Praktika", "Lesson_Praktika", "{1F4D3FFE-27BA-4268-81C4-6CD809638D56}"
EndProject
Project("{FAE04EC0-301F-11D3-BF4B-00C04F79EFBC}") = "Praktika", "Praktika\Praktika.csproj", "{E2587275-34E0-452F-B131-1A08FEBD218C}"
EndProject
Project("{2150E333-8FDC-42A3-9474-1A3956D46DE8}") = "Lesson_32", "Lesson_32", "{3A46E5B2-095D-41B4-AB91-B8092BFAAFE0}"
EndProject
Project("{FAE04EC0-301F-11D3-BF4B-00C04F79EFBC}") = "Task_32_01", "Task_32_01\Task_32_01.csproj", "{998F9318-23E3-4200-92C6-52DE415547F9}"
EndProject
Project("{2150E333-8FDC-42A3-9474-1A3956D46DE8}") = "Lesson_33", "Lesson_33", "{8FCCFB10-F41D-44DB-B7FD-40025525E512}"
EndProject
Project("{FAE04EC0-301F-11D3-BF4B-00C04F79EFBC}") = "Task_33_01", "Task_33_01\Task_33_01.csproj", "{25B1F059-F0AA-4426-A9EF-EDC5A1628277}"
EndProject
Global
	GlobalSection(SolutionConfigurationPlatforms) = preSolution
		Debug|Any CPU = Debug|Any CPU
		Release|Any CPU = Release|Any CPU
	EndGlobalSection
	GlobalSection(ProjectConfigurationPlatforms) = postSolution
		{5DB7235D-E482-45A3-A3C0-46D7FB9E10A5}.Debug|Any CPU.ActiveCfg = Debug|Any CPU
		{5DB7235D-E482-45A3-A3C0-46D7FB9E10A5}.Debug|Any CPU.Build.0 = Debug|Any CPU
		{5DB7235D-E482-45A3-A3C0-46D7FB9E10A5}.Release|Any CPU.ActiveCfg = Release|Any CPU
		{5DB7235D-E482-45A3-A3C0-46D7FB9E10A5}.Release|Any CPU.Build.0 = Release|Any CPU
		{643AB3A7-79FC-47F8-9F41-749A2799E347}.Debug|Any CPU.ActiveCfg = Debug|Any CPU
		{643AB3A7-79FC-47F8-9F41-749A2799E347}.Debug|Any CPU.Build.0 = Debug|Any CPU
		{643AB3A7-79FC-47F8-9F41-749A2799E347}.Release|Any CPU.ActiveCfg = Release|Any CPU
		{643AB3A7-79FC-47F8-9F41-749A2799E347}.Release|Any CPU.Build.0 = Release|Any CPU
		{F7CA683B-17B4-41AF-9AEB-156C3596E294}.Debug|Any CPU.ActiveCfg = Debug|Any CPU
		{F7CA683B-17B4-41AF-9AEB-156C3596E294}.Debug|Any CPU.Build.0 = Debug|Any CPU
		{F7CA683B-17B4-41AF-9AEB-156C3596E294}.Release|Any CPU.ActiveCfg = Release|Any CPU
		{F7CA683B-17B4-41AF-9AEB-156C3596E294}.Release|Any CPU.Build.0 = Release|Any CPU
		{A22A9F7C-DB74-49BF-9805-7691EA032273}.Debug|Any CPU.ActiveCfg = Debug|Any CPU
		{A22A9F7C-DB74-49BF-9805-7691EA032273}.Debug|Any CPU.Build.0 = Debug|Any CPU
		{A22A9F7C-DB74-49BF-9805-7691EA032273}.Release|Any CPU.ActiveCfg = Release|Any CPU
		{A22A9F7C-DB74-49BF-9805-7691EA032273}.Release|Any CPU.Build.0 = Release|Any CPU
		{609329DF-DF54-4716-A315-C0B03DDF4C33}.Debug|Any CPU.ActiveCfg = Debug|Any CPU
		{609329DF-DF54-4716-A315-C0B03DDF4C33}.Debug|Any CPU.Build.0 = Debug|Any CPU
		{609329DF-DF54-4716-A315-C0B03DDF4C33}.Release|Any CPU.ActiveCfg = Release|Any CPU
		{609329DF-DF54-4716-A315-C0B03DDF4C33}.Release|Any CPU.Build.0 = Release|Any CPU
		{BFB0C209-A1F1-4A09-A2B9-F12257810F7C}.Debug|Any CPU.ActiveCfg = Debug|Any CPU
		{BFB0C209-A1F1-4A09-A2B9-F12257810F7C}.Debug|Any CPU.Build.0 = Debug|Any CPU
		{BFB0C209-A1F1-4A09-A2B9-F12257810F7C}.Release|Any CPU.ActiveCfg = Release|Any CPU
		{BFB0C209-A1F1-4A09-A2B9-F12257810F7C}.Release|Any CPU.Build.0 = Release|Any CPU
		{AD084096-7DAD-4A94-93EF-FBC08EDE432A}.Debug|Any CPU.ActiveCfg = Debug|Any CPU
		{AD084096-7DAD-4A94-93EF-FBC08EDE432A}.Debug|Any CPU.Build.0 = Debug|Any CPU
		{AD084096-7DAD-4A94-93EF-FBC08EDE432A}.Release|Any CPU.ActiveCfg = Release|Any CPU
		{AD084096-7DAD-4A94-93EF-FBC08EDE432A}.Release|Any CPU.Build.0 = Release|Any CPU
		{5BDBC3CA-0DB6-4B5D-AA25-AF8C24EC7132}.Debug|Any CPU.ActiveCfg = Debug|Any CPU
		{5BDBC3CA-0DB6-4B5D-AA25-AF8C24EC7132}.Debug|Any CPU.Build.0 = Debug|Any CPU
		{5BDBC3CA-0DB6-4B5D-AA25-AF8C24EC7132}.Release|Any CPU.ActiveCfg = Release|Any CPU
		{5BDBC3CA-0DB6-4B5D-AA25-AF8C24EC7132}.Release|Any CPU.Build.0 = Release|Any CPU
		{00E1C3A4-16C0-4B61-91F7-33E9E8758455}.Debug|Any CPU.ActiveCfg = Debug|Any CPU
		{00E1C3A4-16C0-4B61-91F7-33E9E8758455}.Debug|Any CPU.Build.0 = Debug|Any CPU
		{00E1C3A4-16C0-4B61-91F7-33E9E8758455}.Release|Any CPU.ActiveCfg = Release|Any CPU
		{00E1C3A4-16C0-4B61-91F7-33E9E8758455}.Release|Any CPU.Build.0 = Release|Any CPU
		{82BA4F21-73B7-49BF-8E92-B90DCC875868}.Debug|Any CPU.ActiveCfg = Debug|Any CPU
		{82BA4F21-73B7-49BF-8E92-B90DCC875868}.Debug|Any CPU.Build.0 = Debug|Any CPU
		{82BA4F21-73B7-49BF-8E92-B90DCC875868}.Release|Any CPU.ActiveCfg = Release|Any CPU
		{82BA4F21-73B7-49BF-8E92-B90DCC875868}.Release|Any CPU.Build.0 = Release|Any CPU
		{935ADD77-4ADF-4C9B-9872-653F0B85F171}.Debug|Any CPU.ActiveCfg = Debug|Any CPU
		{935ADD77-4ADF-4C9B-9872-653F0B85F171}.Debug|Any CPU.Build.0 = Debug|Any CPU
		{935ADD77-4ADF-4C9B-9872-653F0B85F171}.Release|Any CPU.ActiveCfg = Release|Any CPU
		{935ADD77-4ADF-4C9B-9872-653F0B85F171}.Release|Any CPU.Build.0 = Release|Any CPU
		{26D58AD8-0E81-4BCA-AEF7-BB6A2088178C}.Debug|Any CPU.ActiveCfg = Debug|Any CPU
		{26D58AD8-0E81-4BCA-AEF7-BB6A2088178C}.Debug|Any CPU.Build.0 = Debug|Any CPU
		{26D58AD8-0E81-4BCA-AEF7-BB6A2088178C}.Release|Any CPU.ActiveCfg = Release|Any CPU
		{26D58AD8-0E81-4BCA-AEF7-BB6A2088178C}.Release|Any CPU.Build.0 = Release|Any CPU
		{0D953710-5DE8-43E9-872C-DB533C2A6D13}.Debug|Any CPU.ActiveCfg = Debug|Any CPU
		{0D953710-5DE8-43E9-872C-DB533C2A6D13}.Debug|Any CPU.Build.0 = Debug|Any CPU
		{0D953710-5DE8-43E9-872C-DB533C2A6D13}.Release|Any CPU.ActiveCfg = Release|Any CPU
		{0D953710-5DE8-43E9-872C-DB533C2A6D13}.Release|Any CPU.Build.0 = Release|Any CPU
		{9603A1C1-52D2-4776-8F45-37704A36DB3F}.Debug|Any CPU.ActiveCfg = Debug|Any CPU
		{9603A1C1-52D2-4776-8F45-37704A36DB3F}.Debug|Any CPU.Build.0 = Debug|Any CPU
		{9603A1C1-52D2-4776-8F45-37704A36DB3F}.Release|Any CPU.ActiveCfg = Release|Any CPU
		{9603A1C1-52D2-4776-8F45-37704A36DB3F}.Release|Any CPU.Build.0 = Release|Any CPU
		{CBB53B7F-7CE6-46E1-831E-78F8AC5F670E}.Debug|Any CPU.ActiveCfg = Debug|Any CPU
		{CBB53B7F-7CE6-46E1-831E-78F8AC5F670E}.Debug|Any CPU.Build.0 = Debug|Any CPU
		{CBB53B7F-7CE6-46E1-831E-78F8AC5F670E}.Release|Any CPU.ActiveCfg = Release|Any CPU
		{CBB53B7F-7CE6-46E1-831E-78F8AC5F670E}.Release|Any CPU.Build.0 = Release|Any CPU
		{D349B322-E1E5-4A84-8F88-63FD541605E4}.Debug|Any CPU.ActiveCfg = Debug|Any CPU
		{D349B322-E1E5-4A84-8F88-63FD541605E4}.Debug|Any CPU.Build.0 = Debug|Any CPU
		{D349B322-E1E5-4A84-8F88-63FD541605E4}.Release|Any CPU.ActiveCfg = Release|Any CPU
		{D349B322-E1E5-4A84-8F88-63FD541605E4}.Release|Any CPU.Build.0 = Release|Any CPU
		{1288EA82-985D-408F-90D0-F87CA12F3F05}.Debug|Any CPU.ActiveCfg = Debug|Any CPU
		{1288EA82-985D-408F-90D0-F87CA12F3F05}.Debug|Any CPU.Build.0 = Debug|Any CPU
		{1288EA82-985D-408F-90D0-F87CA12F3F05}.Release|Any CPU.ActiveCfg = Release|Any CPU
		{1288EA82-985D-408F-90D0-F87CA12F3F05}.Release|Any CPU.Build.0 = Release|Any CPU
		{82CEDB65-034C-440E-859D-BB6616310783}.Debug|Any CPU.ActiveCfg = Debug|Any CPU
		{82CEDB65-034C-440E-859D-BB6616310783}.Debug|Any CPU.Build.0 = Debug|Any CPU
		{82CEDB65-034C-440E-859D-BB6616310783}.Release|Any CPU.ActiveCfg = Release|Any CPU
		{82CEDB65-034C-440E-859D-BB6616310783}.Release|Any CPU.Build.0 = Release|Any CPU
		{50C46952-EAA0-4A3B-8529-7A3CE5810FED}.Debug|Any CPU.ActiveCfg = Debug|Any CPU
		{50C46952-EAA0-4A3B-8529-7A3CE5810FED}.Debug|Any CPU.Build.0 = Debug|Any CPU
		{50C46952-EAA0-4A3B-8529-7A3CE5810FED}.Release|Any CPU.ActiveCfg = Release|Any CPU
		{50C46952-EAA0-4A3B-8529-7A3CE5810FED}.Release|Any CPU.Build.0 = Release|Any CPU
		{E5116D66-FFC9-4576-912B-6E2A4EA55388}.Debug|Any CPU.ActiveCfg = Debug|Any CPU
		{E5116D66-FFC9-4576-912B-6E2A4EA55388}.Debug|Any CPU.Build.0 = Debug|Any CPU
		{E5116D66-FFC9-4576-912B-6E2A4EA55388}.Release|Any CPU.ActiveCfg = Release|Any CPU
		{E5116D66-FFC9-4576-912B-6E2A4EA55388}.Release|Any CPU.Build.0 = Release|Any CPU
		{E68CC04A-0AEC-4346-A2FF-6D26757F7FE7}.Debug|Any CPU.ActiveCfg = Debug|Any CPU
		{E68CC04A-0AEC-4346-A2FF-6D26757F7FE7}.Debug|Any CPU.Build.0 = Debug|Any CPU
		{E68CC04A-0AEC-4346-A2FF-6D26757F7FE7}.Release|Any CPU.ActiveCfg = Release|Any CPU
		{E68CC04A-0AEC-4346-A2FF-6D26757F7FE7}.Release|Any CPU.Build.0 = Release|Any CPU
		{4967933E-7DA3-4A3C-9B54-35B7CA6DE4CF}.Debug|Any CPU.ActiveCfg = Debug|Any CPU
		{4967933E-7DA3-4A3C-9B54-35B7CA6DE4CF}.Debug|Any CPU.Build.0 = Debug|Any CPU
		{4967933E-7DA3-4A3C-9B54-35B7CA6DE4CF}.Release|Any CPU.ActiveCfg = Release|Any CPU
		{4967933E-7DA3-4A3C-9B54-35B7CA6DE4CF}.Release|Any CPU.Build.0 = Release|Any CPU
		{2832F042-0C64-454E-B2CF-89B294B8EF80}.Debug|Any CPU.ActiveCfg = Debug|Any CPU
		{2832F042-0C64-454E-B2CF-89B294B8EF80}.Debug|Any CPU.Build.0 = Debug|Any CPU
		{2832F042-0C64-454E-B2CF-89B294B8EF80}.Release|Any CPU.ActiveCfg = Release|Any CPU
		{2832F042-0C64-454E-B2CF-89B294B8EF80}.Release|Any CPU.Build.0 = Release|Any CPU
		{23B4BA3F-A0CE-4ACB-B821-C7E6F4FAAE4F}.Debug|Any CPU.ActiveCfg = Debug|Any CPU
		{23B4BA3F-A0CE-4ACB-B821-C7E6F4FAAE4F}.Debug|Any CPU.Build.0 = Debug|Any CPU
		{23B4BA3F-A0CE-4ACB-B821-C7E6F4FAAE4F}.Release|Any CPU.ActiveCfg = Release|Any CPU
		{23B4BA3F-A0CE-4ACB-B821-C7E6F4FAAE4F}.Release|Any CPU.Build.0 = Release|Any CPU
		{17C631EA-76E0-46D3-B1DD-0B83FF85D0EF}.Debug|Any CPU.ActiveCfg = Debug|Any CPU
		{17C631EA-76E0-46D3-B1DD-0B83FF85D0EF}.Debug|Any CPU.Build.0 = Debug|Any CPU
		{17C631EA-76E0-46D3-B1DD-0B83FF85D0EF}.Release|Any CPU.ActiveCfg = Release|Any CPU
		{17C631EA-76E0-46D3-B1DD-0B83FF85D0EF}.Release|Any CPU.Build.0 = Release|Any CPU
		{A34EA3D2-5A76-407A-9BAB-E9A95B9FC121}.Debug|Any CPU.ActiveCfg = Debug|Any CPU
		{A34EA3D2-5A76-407A-9BAB-E9A95B9FC121}.Debug|Any CPU.Build.0 = Debug|Any CPU
		{A34EA3D2-5A76-407A-9BAB-E9A95B9FC121}.Release|Any CPU.ActiveCfg = Release|Any CPU
		{A34EA3D2-5A76-407A-9BAB-E9A95B9FC121}.Release|Any CPU.Build.0 = Release|Any CPU
		{EE632D33-E0C4-40D2-AC6A-DC508985A8F0}.Debug|Any CPU.ActiveCfg = Debug|Any CPU
		{EE632D33-E0C4-40D2-AC6A-DC508985A8F0}.Debug|Any CPU.Build.0 = Debug|Any CPU
		{EE632D33-E0C4-40D2-AC6A-DC508985A8F0}.Release|Any CPU.ActiveCfg = Release|Any CPU
		{EE632D33-E0C4-40D2-AC6A-DC508985A8F0}.Release|Any CPU.Build.0 = Release|Any CPU
		{B971FBA8-BE64-4A25-A0FA-38786CC35BD9}.Debug|Any CPU.ActiveCfg = Debug|Any CPU
		{B971FBA8-BE64-4A25-A0FA-38786CC35BD9}.Debug|Any CPU.Build.0 = Debug|Any CPU
		{B971FBA8-BE64-4A25-A0FA-38786CC35BD9}.Release|Any CPU.ActiveCfg = Release|Any CPU
		{B971FBA8-BE64-4A25-A0FA-38786CC35BD9}.Release|Any CPU.Build.0 = Release|Any CPU
		{0821E79A-9EFB-4736-B3A7-E7D064A20060}.Debug|Any CPU.ActiveCfg = Debug|Any CPU
		{0821E79A-9EFB-4736-B3A7-E7D064A20060}.Debug|Any CPU.Build.0 = Debug|Any CPU
		{0821E79A-9EFB-4736-B3A7-E7D064A20060}.Release|Any CPU.ActiveCfg = Release|Any CPU
		{0821E79A-9EFB-4736-B3A7-E7D064A20060}.Release|Any CPU.Build.0 = Release|Any CPU
		{6140B9CD-D66E-445B-9432-42628650891A}.Debug|Any CPU.ActiveCfg = Debug|Any CPU
		{6140B9CD-D66E-445B-9432-42628650891A}.Debug|Any CPU.Build.0 = Debug|Any CPU
		{6140B9CD-D66E-445B-9432-42628650891A}.Release|Any CPU.ActiveCfg = Release|Any CPU
		{6140B9CD-D66E-445B-9432-42628650891A}.Release|Any CPU.Build.0 = Release|Any CPU
		{3C7706A0-AD7B-42DD-A0B8-398567BE4F14}.Debug|Any CPU.ActiveCfg = Debug|Any CPU
		{3C7706A0-AD7B-42DD-A0B8-398567BE4F14}.Debug|Any CPU.Build.0 = Debug|Any CPU
		{3C7706A0-AD7B-42DD-A0B8-398567BE4F14}.Release|Any CPU.ActiveCfg = Release|Any CPU
		{3C7706A0-AD7B-42DD-A0B8-398567BE4F14}.Release|Any CPU.Build.0 = Release|Any CPU
		{A5B0AFEA-7E25-46B0-BD23-BBA960724F19}.Debug|Any CPU.ActiveCfg = Debug|Any CPU
		{A5B0AFEA-7E25-46B0-BD23-BBA960724F19}.Debug|Any CPU.Build.0 = Debug|Any CPU
		{A5B0AFEA-7E25-46B0-BD23-BBA960724F19}.Release|Any CPU.ActiveCfg = Release|Any CPU
		{A5B0AFEA-7E25-46B0-BD23-BBA960724F19}.Release|Any CPU.Build.0 = Release|Any CPU
		{320474DA-093B-4649-9954-59FF6A6B410A}.Debug|Any CPU.ActiveCfg = Debug|Any CPU
		{320474DA-093B-4649-9954-59FF6A6B410A}.Debug|Any CPU.Build.0 = Debug|Any CPU
		{320474DA-093B-4649-9954-59FF6A6B410A}.Release|Any CPU.ActiveCfg = Release|Any CPU
		{320474DA-093B-4649-9954-59FF6A6B410A}.Release|Any CPU.Build.0 = Release|Any CPU
		{455E5BB9-E18B-4502-95CC-FFA012B68AB3}.Debug|Any CPU.ActiveCfg = Debug|Any CPU
		{455E5BB9-E18B-4502-95CC-FFA012B68AB3}.Debug|Any CPU.Build.0 = Debug|Any CPU
		{455E5BB9-E18B-4502-95CC-FFA012B68AB3}.Release|Any CPU.ActiveCfg = Release|Any CPU
		{455E5BB9-E18B-4502-95CC-FFA012B68AB3}.Release|Any CPU.Build.0 = Release|Any CPU
		{6E1DF7BF-8666-486C-8DC9-353F7D3FE522}.Debug|Any CPU.ActiveCfg = Debug|Any CPU
		{6E1DF7BF-8666-486C-8DC9-353F7D3FE522}.Debug|Any CPU.Build.0 = Debug|Any CPU
		{6E1DF7BF-8666-486C-8DC9-353F7D3FE522}.Release|Any CPU.ActiveCfg = Release|Any CPU
		{6E1DF7BF-8666-486C-8DC9-353F7D3FE522}.Release|Any CPU.Build.0 = Release|Any CPU
		{41E590D5-F3A1-49C2-BEC6-72062955FF5B}.Debug|Any CPU.ActiveCfg = Debug|Any CPU
		{41E590D5-F3A1-49C2-BEC6-72062955FF5B}.Debug|Any CPU.Build.0 = Debug|Any CPU
		{41E590D5-F3A1-49C2-BEC6-72062955FF5B}.Release|Any CPU.ActiveCfg = Release|Any CPU
		{41E590D5-F3A1-49C2-BEC6-72062955FF5B}.Release|Any CPU.Build.0 = Release|Any CPU
		{4D799908-72EE-48D5-AD8B-DE9BC0408B82}.Debug|Any CPU.ActiveCfg = Debug|Any CPU
		{4D799908-72EE-48D5-AD8B-DE9BC0408B82}.Debug|Any CPU.Build.0 = Debug|Any CPU
		{4D799908-72EE-48D5-AD8B-DE9BC0408B82}.Release|Any CPU.ActiveCfg = Release|Any CPU
		{4D799908-72EE-48D5-AD8B-DE9BC0408B82}.Release|Any CPU.Build.0 = Release|Any CPU
		{E2587275-34E0-452F-B131-1A08FEBD218C}.Debug|Any CPU.ActiveCfg = Debug|Any CPU
		{E2587275-34E0-452F-B131-1A08FEBD218C}.Debug|Any CPU.Build.0 = Debug|Any CPU
		{E2587275-34E0-452F-B131-1A08FEBD218C}.Release|Any CPU.ActiveCfg = Release|Any CPU
		{E2587275-34E0-452F-B131-1A08FEBD218C}.Release|Any CPU.Build.0 = Release|Any CPU
		{998F9318-23E3-4200-92C6-52DE415547F9}.Debug|Any CPU.ActiveCfg = Debug|Any CPU
		{998F9318-23E3-4200-92C6-52DE415547F9}.Debug|Any CPU.Build.0 = Debug|Any CPU
		{998F9318-23E3-4200-92C6-52DE415547F9}.Release|Any CPU.ActiveCfg = Release|Any CPU
		{998F9318-23E3-4200-92C6-52DE415547F9}.Release|Any CPU.Build.0 = Release|Any CPU
		{25B1F059-F0AA-4426-A9EF-EDC5A1628277}.Debug|Any CPU.ActiveCfg = Debug|Any CPU
		{25B1F059-F0AA-4426-A9EF-EDC5A1628277}.Debug|Any CPU.Build.0 = Debug|Any CPU
		{25B1F059-F0AA-4426-A9EF-EDC5A1628277}.Release|Any CPU.ActiveCfg = Release|Any CPU
		{25B1F059-F0AA-4426-A9EF-EDC5A1628277}.Release|Any CPU.Build.0 = Release|Any CPU
	EndGlobalSection
	GlobalSection(SolutionProperties) = preSolution
		HideSolutionNode = FALSE
	EndGlobalSection
	GlobalSection(NestedProjects) = preSolution
		{5DB7235D-E482-45A3-A3C0-46D7FB9E10A5} = {B88B15A5-CA3B-4A63-B996-7DA0A85A3E83}
		{643AB3A7-79FC-47F8-9F41-749A2799E347} = {B88B15A5-CA3B-4A63-B996-7DA0A85A3E83}
		{F7CA683B-17B4-41AF-9AEB-156C3596E294} = {9CD9840C-5DEC-4F71-8F5D-956960FAE489}
		{A22A9F7C-DB74-49BF-9805-7691EA032273} = {9CD9840C-5DEC-4F71-8F5D-956960FAE489}
		{609329DF-DF54-4716-A315-C0B03DDF4C33} = {9CD9840C-5DEC-4F71-8F5D-956960FAE489}
		{BFB0C209-A1F1-4A09-A2B9-F12257810F7C} = {9CD9840C-5DEC-4F71-8F5D-956960FAE489}
		{AD084096-7DAD-4A94-93EF-FBC08EDE432A} = {9CD9840C-5DEC-4F71-8F5D-956960FAE489}
		{5BDBC3CA-0DB6-4B5D-AA25-AF8C24EC7132} = {9CD9840C-5DEC-4F71-8F5D-956960FAE489}
		{00E1C3A4-16C0-4B61-91F7-33E9E8758455} = {68B942CB-D57A-41C0-8E1A-EB91669F0231}
		{82BA4F21-73B7-49BF-8E92-B90DCC875868} = {68B942CB-D57A-41C0-8E1A-EB91669F0231}
		{935ADD77-4ADF-4C9B-9872-653F0B85F171} = {68B942CB-D57A-41C0-8E1A-EB91669F0231}
		{26D58AD8-0E81-4BCA-AEF7-BB6A2088178C} = {68B942CB-D57A-41C0-8E1A-EB91669F0231}
		{0D953710-5DE8-43E9-872C-DB533C2A6D13} = {68B942CB-D57A-41C0-8E1A-EB91669F0231}
		{9603A1C1-52D2-4776-8F45-37704A36DB3F} = {68B942CB-D57A-41C0-8E1A-EB91669F0231}
		{CBB53B7F-7CE6-46E1-831E-78F8AC5F670E} = {B817CB35-29B1-4B80-9D29-33E8EF4CC365}
		{D349B322-E1E5-4A84-8F88-63FD541605E4} = {B817CB35-29B1-4B80-9D29-33E8EF4CC365}
		{1288EA82-985D-408F-90D0-F87CA12F3F05} = {B817CB35-29B1-4B80-9D29-33E8EF4CC365}
		{82CEDB65-034C-440E-859D-BB6616310783} = {B817CB35-29B1-4B80-9D29-33E8EF4CC365}
		{50C46952-EAA0-4A3B-8529-7A3CE5810FED} = {B817CB35-29B1-4B80-9D29-33E8EF4CC365}
		{E5116D66-FFC9-4576-912B-6E2A4EA55388} = {B817CB35-29B1-4B80-9D29-33E8EF4CC365}
		{E68CC04A-0AEC-4346-A2FF-6D26757F7FE7} = {B817CB35-29B1-4B80-9D29-33E8EF4CC365}
		{4967933E-7DA3-4A3C-9B54-35B7CA6DE4CF} = {27C06DF0-C221-4594-927C-62D20A196433}
		{2832F042-0C64-454E-B2CF-89B294B8EF80} = {27C06DF0-C221-4594-927C-62D20A196433}
		{23B4BA3F-A0CE-4ACB-B821-C7E6F4FAAE4F} = {27C06DF0-C221-4594-927C-62D20A196433}
		{17C631EA-76E0-46D3-B1DD-0B83FF85D0EF} = {AFCBB5F6-B4A3-46E3-BC4E-D18F42F65F19}
		{A34EA3D2-5A76-407A-9BAB-E9A95B9FC121} = {AFCBB5F6-B4A3-46E3-BC4E-D18F42F65F19}
		{EE632D33-E0C4-40D2-AC6A-DC508985A8F0} = {88D154E4-3BC2-449C-92CA-7EA87E8AB241}
		{B971FBA8-BE64-4A25-A0FA-38786CC35BD9} = {88D154E4-3BC2-449C-92CA-7EA87E8AB241}
		{0821E79A-9EFB-4736-B3A7-E7D064A20060} = {A0CB59E3-6E2E-4573-9F7C-58DD3454ED9C}
		{6140B9CD-D66E-445B-9432-42628650891A} = {A0CB59E3-6E2E-4573-9F7C-58DD3454ED9C}
		{3C7706A0-AD7B-42DD-A0B8-398567BE4F14} = {A0CB59E3-6E2E-4573-9F7C-58DD3454ED9C}
		{A5B0AFEA-7E25-46B0-BD23-BBA960724F19} = {A0CB59E3-6E2E-4573-9F7C-58DD3454ED9C}
		{320474DA-093B-4649-9954-59FF6A6B410A} = {3FFF7B26-4455-4739-B0FC-C8551AAAC14D}
		{455E5BB9-E18B-4502-95CC-FFA012B68AB3} = {3FFF7B26-4455-4739-B0FC-C8551AAAC14D}
		{6E1DF7BF-8666-486C-8DC9-353F7D3FE522} = {F5D0B11E-68AB-4CAD-85C7-C739F79825AC}
		{41E590D5-F3A1-49C2-BEC6-72062955FF5B} = {76B7BA40-9792-4B29-BBB4-4AD9A6B48FE5}
		{4D799908-72EE-48D5-AD8B-DE9BC0408B82} = {76B7BA40-9792-4B29-BBB4-4AD9A6B48FE5}
		{E2587275-34E0-452F-B131-1A08FEBD218C} = {1F4D3FFE-27BA-4268-81C4-6CD809638D56}
		{998F9318-23E3-4200-92C6-52DE415547F9} = {3A46E5B2-095D-41B4-AB91-B8092BFAAFE0}
		{25B1F059-F0AA-4426-A9EF-EDC5A1628277} = {8FCCFB10-F41D-44DB-B7FD-40025525E512}
	EndGlobalSection
EndGlobal
